
Microsoft Visual Studio Solution File, Format Version 12.00
# Visual Studio Version 17
VisualStudioVersion = 17.3.32825.248
MinimumVisualStudioVersion = 10.0.40219.1
Project("{FAE04EC0-301F-11D3-BF4B-00C04F79EFBC}") = "02. Greater Number", "02. Greater Number\02. Greater Number.csproj", "{CD9D9C1D-C657-4E21-89E0-DB67E81C3745}"
EndProject
Global
	GlobalSection(SolutionConfigurationPlatforms) = preSolution
		Debug|Any CPU = Debug|Any CPU
		Release|Any CPU = Release|Any CPU
	EndGlobalSection
	GlobalSection(ProjectConfigurationPlatforms) = postSolution
		{CD9D9C1D-C657-4E21-89E0-DB67E81C3745}.Debug|Any CPU.ActiveCfg = Debug|Any CPU
		{CD9D9C1D-C657-4E21-89E0-DB67E81C3745}.Debug|Any CPU.Build.0 = Debug|Any CPU
		{CD9D9C1D-C657-4E21-89E0-DB67E81C3745}.Release|Any CPU.ActiveCfg = Release|Any CPU
		{CD9D9C1D-C657-4E21-89E0-DB67E81C3745}.Release|Any CPU.Build.0 = Release|Any CPU
	EndGlobalSection
	GlobalSection(SolutionProperties) = preSolution
		HideSolutionNode = FALSE
	EndGlobalSection
	GlobalSection(ExtensibilityGlobals) = postSolution
		SolutionGuid = {CC5C3646-3158-4049-898F-CEA8EB2ACA22}
	EndGlobalSection
EndGlobal
