
Microsoft Visual Studio Solution File, Format Version 12.00
# Visual Studio Version 17
VisualStudioVersion = 17.3.32825.248
MinimumVisualStudioVersion = 10.0.40219.1
Project("{FAE04EC0-301F-11D3-BF4B-00C04F79EFBC}") = "04. Vegetable Market", "04. Vegetable Market\04. Vegetable Market.csproj", "{E87DCEFF-53AE-45DA-A6BB-DD18F95DFD04}"
EndProject
Global
	GlobalSection(SolutionConfigurationPlatforms) = preSolution
		Debug|Any CPU = Debug|Any CPU
		Release|Any CPU = Release|Any CPU
	EndGlobalSection
	GlobalSection(ProjectConfigurationPlatforms) = postSolution
		{E87DCEFF-53AE-45DA-A6BB-DD18F95DFD04}.Debug|Any CPU.ActiveCfg = Debug|Any CPU
		{E87DCEFF-53AE-45DA-A6BB-DD18F95DFD04}.Debug|Any CPU.Build.0 = Debug|Any CPU
		{E87DCEFF-53AE-45DA-A6BB-DD18F95DFD04}.Release|Any CPU.ActiveCfg = Release|Any CPU
		{E87DCEFF-53AE-45DA-A6BB-DD18F95DFD04}.Release|Any CPU.Build.0 = Release|Any CPU
	EndGlobalSection
	GlobalSection(SolutionProperties) = preSolution
		HideSolutionNode = FALSE
	EndGlobalSection
	GlobalSection(ExtensibilityGlobals) = postSolution
		SolutionGuid = {9FE15D4C-627F-41E8-B00E-EAEF303708F0}
	EndGlobalSection
EndGlobal
