
Microsoft Visual Studio Solution File, Format Version 12.00
# Visual Studio Version 17
VisualStudioVersion = 17.3.32825.248
MinimumVisualStudioVersion = 10.0.40219.1
Project("{FAE04EC0-301F-11D3-BF4B-00C04F79EFBC}") = "04. Toy Shop", "04. Toy Shop\04. Toy Shop.csproj", "{477A7D42-AA60-4339-BC61-008ABA2CCAFC}"
EndProject
Global
	GlobalSection(SolutionConfigurationPlatforms) = preSolution
		Debug|Any CPU = Debug|Any CPU
		Release|Any CPU = Release|Any CPU
	EndGlobalSection
	GlobalSection(ProjectConfigurationPlatforms) = postSolution
		{477A7D42-AA60-4339-BC61-008ABA2CCAFC}.Debug|Any CPU.ActiveCfg = Debug|Any CPU
		{477A7D42-AA60-4339-BC61-008ABA2CCAFC}.Debug|Any CPU.Build.0 = Debug|Any CPU
		{477A7D42-AA60-4339-BC61-008ABA2CCAFC}.Release|Any CPU.ActiveCfg = Release|Any CPU
		{477A7D42-AA60-4339-BC61-008ABA2CCAFC}.Release|Any CPU.Build.0 = Release|Any CPU
	EndGlobalSection
	GlobalSection(SolutionProperties) = preSolution
		HideSolutionNode = FALSE
	EndGlobalSection
	GlobalSection(ExtensibilityGlobals) = postSolution
		SolutionGuid = {803A7A80-D952-4128-9EDE-B81513F49FD9}
	EndGlobalSection
EndGlobal
