
Microsoft Visual Studio Solution File, Format Version 12.00
# Visual Studio Version 17
VisualStudioVersion = 17.3.32825.248
MinimumVisualStudioVersion = 10.0.40219.1
Project("{FAE04EC0-301F-11D3-BF4B-00C04F79EFBC}") = "05. Number 100.to200", "05. Number 100.to200\05. Number 100.to200.csproj", "{ECF560C3-E227-4A11-A33E-B0C83281915B}"
EndProject
Global
	GlobalSection(SolutionConfigurationPlatforms) = preSolution
		Debug|Any CPU = Debug|Any CPU
		Release|Any CPU = Release|Any CPU
	EndGlobalSection
	GlobalSection(ProjectConfigurationPlatforms) = postSolution
		{ECF560C3-E227-4A11-A33E-B0C83281915B}.Debug|Any CPU.ActiveCfg = Debug|Any CPU
		{ECF560C3-E227-4A11-A33E-B0C83281915B}.Debug|Any CPU.Build.0 = Debug|Any CPU
		{ECF560C3-E227-4A11-A33E-B0C83281915B}.Release|Any CPU.ActiveCfg = Release|Any CPU
		{ECF560C3-E227-4A11-A33E-B0C83281915B}.Release|Any CPU.Build.0 = Release|Any CPU
	EndGlobalSection
	GlobalSection(SolutionProperties) = preSolution
		HideSolutionNode = FALSE
	EndGlobalSection
	GlobalSection(ExtensibilityGlobals) = postSolution
		SolutionGuid = {A0632152-DC8E-4BC8-A3D0-47F2B8B6B803}
	EndGlobalSection
EndGlobal
