
Microsoft Visual Studio Solution File, Format Version 12.00
# Visual Studio Version 17
VisualStudioVersion = 17.3.32825.248
MinimumVisualStudioVersion = 10.0.40219.1
Project("{FAE04EC0-301F-11D3-BF4B-00C04F79EFBC}") = "04. Password Guess", "04. Password Guess\04. Password Guess.csproj", "{0B345ACE-BD73-424B-8DF2-A355939C851C}"
EndProject
Global
	GlobalSection(SolutionConfigurationPlatforms) = preSolution
		Debug|Any CPU = Debug|Any CPU
		Release|Any CPU = Release|Any CPU
	EndGlobalSection
	GlobalSection(ProjectConfigurationPlatforms) = postSolution
		{0B345ACE-BD73-424B-8DF2-A355939C851C}.Debug|Any CPU.ActiveCfg = Debug|Any CPU
		{0B345ACE-BD73-424B-8DF2-A355939C851C}.Debug|Any CPU.Build.0 = Debug|Any CPU
		{0B345ACE-BD73-424B-8DF2-A355939C851C}.Release|Any CPU.ActiveCfg = Release|Any CPU
		{0B345ACE-BD73-424B-8DF2-A355939C851C}.Release|Any CPU.Build.0 = Release|Any CPU
	EndGlobalSection
	GlobalSection(SolutionProperties) = preSolution
		HideSolutionNode = FALSE
	EndGlobalSection
	GlobalSection(ExtensibilityGlobals) = postSolution
		SolutionGuid = {932302F7-AD4E-480B-B04C-61AE3A185F7B}
	EndGlobalSection
EndGlobal
