
Microsoft Visual Studio Solution File, Format Version 12.00
# Visual Studio Version 17
VisualStudioVersion = 17.3.32825.248
MinimumVisualStudioVersion = 10.0.40219.1
Project("{FAE04EC0-301F-11D3-BF4B-00C04F79EFBC}") = "01. Sum Seconds", "01. Sum Seconds\01. Sum Seconds.csproj", "{D259B1C7-908F-4515-B08F-CDEDD8F062A9}"
EndProject
Project("{FAE04EC0-301F-11D3-BF4B-00C04F79EFBC}") = "02. Bonus Score", "..\02. Bonus Score\02. Bonus Score.csproj", "{3B73524A-CF42-49C2-90FA-58C4F95720FA}"
EndProject
Global
	GlobalSection(SolutionConfigurationPlatforms) = preSolution
		Debug|Any CPU = Debug|Any CPU
		Release|Any CPU = Release|Any CPU
	EndGlobalSection
	GlobalSection(ProjectConfigurationPlatforms) = postSolution
		{D259B1C7-908F-4515-B08F-CDEDD8F062A9}.Debug|Any CPU.ActiveCfg = Debug|Any CPU
		{D259B1C7-908F-4515-B08F-CDEDD8F062A9}.Debug|Any CPU.Build.0 = Debug|Any CPU
		{D259B1C7-908F-4515-B08F-CDEDD8F062A9}.Release|Any CPU.ActiveCfg = Release|Any CPU
		{D259B1C7-908F-4515-B08F-CDEDD8F062A9}.Release|Any CPU.Build.0 = Release|Any CPU
		{3B73524A-CF42-49C2-90FA-58C4F95720FA}.Debug|Any CPU.ActiveCfg = Debug|Any CPU
		{3B73524A-CF42-49C2-90FA-58C4F95720FA}.Debug|Any CPU.Build.0 = Debug|Any CPU
		{3B73524A-CF42-49C2-90FA-58C4F95720FA}.Release|Any CPU.ActiveCfg = Release|Any CPU
		{3B73524A-CF42-49C2-90FA-58C4F95720FA}.Release|Any CPU.Build.0 = Release|Any CPU
	EndGlobalSection
	GlobalSection(SolutionProperties) = preSolution
		HideSolutionNode = FALSE
	EndGlobalSection
	GlobalSection(ExtensibilityGlobals) = postSolution
		SolutionGuid = {FB296078-2042-4DD9-8F46-EDDDF4C9F626}
	EndGlobalSection
EndGlobal
